<?xml version="1.0" encoding="UTF-8" standalone="yes" ?>
<CodeBlocks_project_file>
	<FileVersion major="1" minor="6" />
	<Project>
		<Option title="Udjat network module" />
		<Option makefile_is_custom="1" />
		<Option pch_mode="2" />
		<Option compiler="gcc" />
		<Build>
			<Target title="Debug">
				<Option output=".bin/Debug/udjat" prefix_auto="1" extension_auto="1" />
				<Option object_output=".obj/Debug/" />
				<Option type="1" />
				<Option compiler="gcc" />
				<Option parameters="-f" />
				<Compiler>
					<Add option="-g" />
					<Add option="-DDEBUG=1" />
				</Compiler>
			</Target>
			<Target title="Release">
				<Option output=".bin/Release/Udjat network module" prefix_auto="1" extension_auto="1" />
				<Option object_output=".obj/Release/" />
				<Option type="1" />
				<Option compiler="gcc" />
				<Compiler>
					<Add option="-O2" />
					<Add option="-DNDEBUG=1" />
				</Compiler>
				<Linker>
					<Add option="-s" />
				</Linker>
			</Target>
		</Build>
		<Compiler>
			<Add option="-Wall" />
			<Add directory="src/include" />
		</Compiler>
		<Linker>
			<Add option="`pkg-config --libs libudjat`" />
			<Add library="resolv" />
		</Linker>
		<Unit filename="src/include/config.h" />
		<Unit filename="src/include/controller.h" />
		<Unit filename="src/include/udjat/network/agent.h" />
		<Unit filename="src/include/udjat/network/ipaddress.h" />
		<Unit filename="src/include/udjat/network/resolver.h" />
		<Unit filename="src/include/udjat/tools/inet.h" />
		<Unit filename="src/library/ip/address.cc">
			<Option compile="0" />
			<Option link="0" />
		</Unit>
		<Unit filename="src/library/os/linux/ipaddress.cc" />
		<Unit filename="src/library/os/windows/ipaddress.cc" />
		<Unit filename="src/module/agent.cc" />
		<Unit filename="src/module/dns/record.cc" />
		<Unit filename="src/module/dns/resolver.cc" />
		<Unit filename="src/module/factory.cc" />
		<Unit filename="src/module/icmp/controller.cc" />
		<Unit filename="src/module/icmp/host.cc" />
		<Unit filename="src/module/icmp/private.h" />
		<Unit filename="src/module/init.cc" />
		<Unit filename="src/module/private.h" />
		<Unit filename="src/module/range.cc" />
		<Unit filename="src/module/state.cc" />
		<Unit filename="src/testprogram/testprogram.cc" />
		<Unit filename="src/tools/defaultgateway.cc" />
		<Unit filename="src/tools/inet.cc" />
		<Extensions />
	</Project>
</CodeBlocks_project_file>
