<?xml version="1.0" encoding="UTF-8" standalone="yes" ?>
<CodeBlocks_project_file>
	<FileVersion major="1" minor="6" />
	<Project>
		<Option title="Udjat network module" />
		<Option makefile_is_custom="1" />
		<Option pch_mode="2" />
		<Option compiler="gcc" />
		<Build>
			<Target title="Debug">
				<Option output=".bin/Debug/udjat" prefix_auto="1" extension_auto="1" />
				<Option object_output=".obj/Debug/" />
				<Option type="1" />
				<Option compiler="gcc" />
				<Option parameters="-f" />
				<Compiler>
					<Add option="-g" />
					<Add option="-DDEBUG=1" />
				</Compiler>
			</Target>
			<Target title="Release">
				<Option output=".bin/Release/Udjat network module" prefix_auto="1" extension_auto="1" />
				<Option object_output=".obj/Release/" />
				<Option type="1" />
				<Option compiler="gcc" />
				<Compiler>
					<Add option="-O2" />
					<Add option="-DNDEBUG=1" />
				</Compiler>
				<Linker>
					<Add option="-s" />
				</Linker>
			</Target>
		</Build>
		<Compiler>
			<Add option="-Wall" />
			<Add directory="src/include" />
		</Compiler>
		<Linker>
			<Add option="`pkg-config --libs libudjat`" />
			<Add library="resolv" />
		</Linker>
		<Unit filename="src/include/config.h" />
		<Unit filename="src/include/private/agents/nic.h" />
		<Unit filename="src/include/private/icmp/controller.h" />
		<Unit filename="src/include/private/linux/netlink.h" />
		<Unit filename="src/include/private/module.h" />
		<Unit filename="src/include/udjat/net/dns.h" />
		<Unit filename="src/include/udjat/net/dns/agent.h" />
		<Unit filename="src/include/udjat/net/dns/response.h" />
		<Unit filename="src/include/udjat/net/dns/state.h" />
		<Unit filename="src/include/udjat/net/gateway.h" />
		<Unit filename="src/include/udjat/net/icmp.h" />
		<Unit filename="src/include/udjat/net/ip/agent.h" />
		<Unit filename="src/include/udjat/net/ip/state.h" />
		<Unit filename="src/include/udjat/net/ip/subnet.h" />
		<Unit filename="src/include/udjat/net/linux/dns.h" />
		<Unit filename="src/include/udjat/net/nic/agent.h" />
		<Unit filename="src/include/udjat/net/nic/state.h" />
		<Unit filename="src/include/udjat/net/windows/dns.h" />
		<Unit filename="src/library/defaultgateway.cc" />
		<Unit filename="src/library/dns/agent.cc" />
		<Unit filename="src/library/dns/record.cc" />
		<Unit filename="src/library/dns/resolver.cc" />
		<Unit filename="src/library/dns/state.cc" />
		<Unit filename="src/library/icmp/controller.cc" />
		<Unit filename="src/library/icmp/response.cc" />
		<Unit filename="src/library/icmp/state.cc" />
		<Unit filename="src/library/icmp/worker.cc" />
		<Unit filename="src/library/ip/agent.cc" />
		<Unit filename="src/library/ip/factory.cc" />
		<Unit filename="src/library/ip/state.cc" />
		<Unit filename="src/library/ip/subnet.cc" />
		<Unit filename="src/library/nic/agent.cc" />
		<Unit filename="src/library/nic/factory.cc" />
		<Unit filename="src/library/nic/list.cc" />
		<Unit filename="src/library/nic/state.cc" />
		<Unit filename="src/library/os/linux/defaultgateway.cc" />
		<Unit filename="src/library/os/linux/dns.cc" />
		<Unit filename="src/library/os/linux/icmphost.cc" />
		<Unit filename="src/library/os/linux/ipaddress.cc" />
		<Unit filename="src/library/os/linux/netlink.cc" />
		<Unit filename="src/library/os/linux/netlink.h" />
		<Unit filename="src/library/os/linux/nicagent.cc" />
		<Unit filename="src/library/os/linux/nicdetect.cc" />
		<Unit filename="src/library/os/linux/niclist.cc" />
		<Unit filename="src/library/os/linux/subnet.cc" />
		<Unit filename="src/library/os/windows/ipaddress.cc" />
		<Unit filename="src/library/range.cc" />
		<Unit filename="src/module/init.cc" />
		<Unit filename="src/testprogram/testprogram.cc" />
		<Unit filename="src/tools/inet.cc" />
		<Extensions />
	</Project>
</CodeBlocks_project_file>
